Microsoft Visual Studio Solution File, Format Version 12.00
# Visual Studio Version 17
VisualStudioVersion = 17.5.2.0
MinimumVisualStudioVersion = 10.0.40219.1
Project("{FAE04EC0-301F-11D3-BF4B-00C04F79EFBC}") = "IoTCentral-FileUploader", "IoTCentral-FileUploader\IoTCentral-FileUploader.csproj", "{A0802D4D-9A8B-0BBD-5730-273BB6A1AB23}"
EndProject
Global
	GlobalSection(SolutionConfigurationPlatforms) = preSolution
		Debug|Any CPU = Debug|Any CPU
		Release|Any CPU = Release|Any CPU
	EndGlobalSection
	GlobalSection(ProjectConfigurationPlatforms) = postSolution
		{A0802D4D-9A8B-0BBD-5730-273BB6A1AB23}.Debug|Any CPU.ActiveCfg = Debug|Any CPU
		{A0802D4D-9A8B-0BBD-5730-273BB6A1AB23}.Debug|Any CPU.Build.0 = Debug|Any CPU
		{A0802D4D-9A8B-0BBD-5730-273BB6A1AB23}.Release|Any CPU.ActiveCfg = Release|Any CPU
		{A0802D4D-9A8B-0BBD-5730-273BB6A1AB23}.Release|Any CPU.Build.0 = Release|Any CPU
	EndGlobalSection
	GlobalSection(SolutionProperties) = preSolution
		HideSolutionNode = FALSE
	EndGlobalSection
	GlobalSection(ExtensibilityGlobals) = postSolution
		SolutionGuid = {A66764E7-9036-4111-AFF6-35D5A49288A1}
	EndGlobalSection
EndGlobal
